
Microsoft Visual Studio Solution File, Format Version 12.00
# Visual Studio Version 17
VisualStudioVersion = 17.5.33424.131
MinimumVisualStudioVersion = 10.0.40219.1
Project("{9A19103F-16F7-4668-BE54-9A1E7A4F7556}") = "Shop", "Lesson62\Shop.csproj", "{038A25C7-250A-4FE4-AA3C-8FF4E85F9EB7}"
EndProject
Global
	GlobalSection(SolutionConfigurationPlatforms) = preSolution
		Debug|Any CPU = Debug|Any CPU
		Release|Any CPU = Release|Any CPU
	EndGlobalSection
	GlobalSection(ProjectConfigurationPlatforms) = postSolution
		{038A25C7-250A-4FE4-AA3C-8FF4E85F9EB7}.Debug|Any CPU.ActiveCfg = Debug|Any CPU
		{038A25C7-250A-4FE4-AA3C-8FF4E85F9EB7}.Debug|Any CPU.Build.0 = Debug|Any CPU
		{038A25C7-250A-4FE4-AA3C-8FF4E85F9EB7}.Release|Any CPU.ActiveCfg = Release|Any CPU
		{038A25C7-250A-4FE4-AA3C-8FF4E85F9EB7}.Release|Any CPU.Build.0 = Release|Any CPU
	EndGlobalSection
	GlobalSection(SolutionProperties) = preSolution
		HideSolutionNode = FALSE
	EndGlobalSection
	GlobalSection(ExtensibilityGlobals) = postSolution
		SolutionGuid = {CF3228B6-C15C-4FE2-93EF-395D0EA260BA}
	EndGlobalSection
EndGlobal
